
Microsoft Visual Studio Solution File, Format Version 12.00
# Visual Studio Version 16
VisualStudioVersion = 16.0.29411.108
MinimumVisualStudioVersion = 10.0.40219.1
Project("{FAE04EC0-301F-11D3-BF4B-00C04F79EFBC}") = "Database2019", "Database2019\Database2019.csproj", "{D01DDA3A-CE80-44FD-B95E-D0C96CBAA45E}"
EndProject
Global
	GlobalSection(SolutionConfigurationPlatforms) = preSolution
		Debug|Any CPU = Debug|Any CPU
		Release|Any CPU = Release|Any CPU
	EndGlobalSection
	GlobalSection(ProjectConfigurationPlatforms) = postSolution
		{D01DDA3A-CE80-44FD-B95E-D0C96CBAA45E}.Debug|Any CPU.ActiveCfg = Debug|Any CPU
		{D01DDA3A-CE80-44FD-B95E-D0C96CBAA45E}.Debug|Any CPU.Build.0 = Debug|Any CPU
		{D01DDA3A-CE80-44FD-B95E-D0C96CBAA45E}.Release|Any CPU.ActiveCfg = Release|Any CPU
		{D01DDA3A-CE80-44FD-B95E-D0C96CBAA45E}.Release|Any CPU.Build.0 = Release|Any CPU
	EndGlobalSection
	GlobalSection(SolutionProperties) = preSolution
		HideSolutionNode = FALSE
	EndGlobalSection
	GlobalSection(ExtensibilityGlobals) = postSolution
		SolutionGuid = {FD589128-B5FC-4F5C-BCFF-3DDDFE5F928F}
	EndGlobalSection
EndGlobal
