
Microsoft Visual Studio Solution File, Format Version 10.00
# Visual Studio 2008
Project("{FAE04EC0-301F-11D3-BF4B-00C04F79EFBC}") = "ContohLes", "ContohLes\ContohLes.csproj", "{257BBF32-F1C7-4198-91BA-8BB4698B0700}"
EndProject
Global
	GlobalSection(SolutionConfigurationPlatforms) = preSolution
		Debug|Any CPU = Debug|Any CPU
		Release|Any CPU = Release|Any CPU
	EndGlobalSection
	GlobalSection(ProjectConfigurationPlatforms) = postSolution
		{257BBF32-F1C7-4198-91BA-8BB4698B0700}.Debug|Any CPU.ActiveCfg = Debug|Any CPU
		{257BBF32-F1C7-4198-91BA-8BB4698B0700}.Debug|Any CPU.Build.0 = Debug|Any CPU
		{257BBF32-F1C7-4198-91BA-8BB4698B0700}.Release|Any CPU.ActiveCfg = Release|Any CPU
		{257BBF32-F1C7-4198-91BA-8BB4698B0700}.Release|Any CPU.Build.0 = Release|Any CPU
	EndGlobalSection
	GlobalSection(SolutionProperties) = preSolution
		HideSolutionNode = FALSE
	EndGlobalSection
EndGlobal
